
Microsoft Visual Studio Solution File, Format Version 12.00
# Visual Studio Version 17
VisualStudioVersion = 17.5.33516.290
MinimumVisualStudioVersion = 10.0.40219.1
Project("{9A19103F-16F7-4668-BE54-9A1E7A4F7556}") = "DevTeam.Extensions.Abstractions", "Extensions\DevTeam.Extensions.Abstractions\DevTeam.Extensions.Abstractions.csproj", "{555C07B5-C71C-4F15-9938-EF449D3DE054}"
EndProject
Project("{2150E333-8FDC-42A3-9474-1A3956D46DE8}") = "src", "src", "{B7B6DD54-E372-4C5C-99CC-9D7E5B98A134}"
EndProject
Project("{2150E333-8FDC-42A3-9474-1A3956D46DE8}") = "Extensions", "Extensions", "{6819D78C-5CF8-409A-8E41-9B8A536FA2CF}"
EndProject
Project("{9A19103F-16F7-4668-BE54-9A1E7A4F7556}") = "DevTeam.Extensions.EntityFrameworkCore", "Extensions\DevTeam.Extensions.EntityFrameworkCore\DevTeam.Extensions.EntityFrameworkCore.csproj", "{106AAD49-8C68-4845-A88D-984B60E1C9A0}"
EndProject
Project("{2150E333-8FDC-42A3-9474-1A3956D46DE8}") = "GenericRepository", "GenericRepository", "{482FDCF0-3B67-495F-96B1-D39AD7C241C0}"
EndProject
Project("{9A19103F-16F7-4668-BE54-9A1E7A4F7556}") = "DevTeam.GenericRepository", "GenericRepository\DevTeam.GenericRepository\DevTeam.GenericRepository.csproj", "{53D49251-7E1A-4779-A52B-A3E927F518F5}"
EndProject
Project("{2150E333-8FDC-42A3-9474-1A3956D46DE8}") = "GenericService", "GenericService", "{C39F5618-AC34-412C-87AD-FBAB1054AA72}"
EndProject
Project("{9A19103F-16F7-4668-BE54-9A1E7A4F7556}") = "DevTeam.GenericService", "GenericService\DevTeam.GenericService\DevTeam.GenericService.csproj", "{F6639586-7C47-43A3-98D6-49985988C361}"
EndProject
Project("{9A19103F-16F7-4668-BE54-9A1E7A4F7556}") = "DevTeam.GenericRepository.AspNetCore", "GenericRepository\DevTeam.GenericRepository.AspNetCore\DevTeam.GenericRepository.AspNetCore.csproj", "{D312F6DB-62B1-42BB-B76C-22CC97852A4D}"
EndProject
Project("{9A19103F-16F7-4668-BE54-9A1E7A4F7556}") = "DevTeam.GenericRepository.Tests", "GenericRepository\DevTeam.GenericRepository.Tests\DevTeam.GenericRepository.Tests.csproj", "{7FCDE827-6ACB-4492-ABCD-AB8B0CFF7872}"
EndProject
Project("{2150E333-8FDC-42A3-9474-1A3956D46DE8}") = "QueryMappings", "QueryMappings", "{A1854A65-11B2-4084-8285-760615541AB6}"
EndProject
Project("{9A19103F-16F7-4668-BE54-9A1E7A4F7556}") = "DevTeam.QueryMappings", "QueryMappings\DevTeam.QueryMappings\DevTeam.QueryMappings.csproj", "{A0372BBC-6734-4DED-ACA1-A720BF46E227}"
EndProject
Project("{9A19103F-16F7-4668-BE54-9A1E7A4F7556}") = "DevTeam.QueryMappings.AspNetCore", "QueryMappings\DevTeam.QueryMappings.AspNetCore\DevTeam.QueryMappings.AspNetCore.csproj", "{63EC55AB-6E46-4C27-A2ED-D1CC1C9D9AA0}"
EndProject
Project("{9A19103F-16F7-4668-BE54-9A1E7A4F7556}") = "DevTeam.GenericService.AspNetCore", "GenericService\DevTeam.GenericService.AspNetCore\DevTeam.GenericService.AspNetCore.csproj", "{64290E2B-33A4-4BD8-B68F-6B3A7D6422E6}"
EndProject
Project("{2150E333-8FDC-42A3-9474-1A3956D46DE8}") = "Tools", "Tools", "{955553D5-44E5-4AC0-9E61-120C997BDFD2}"
EndProject
Project("{9A19103F-16F7-4668-BE54-9A1E7A4F7556}") = "DevTeam.Extensions.Helpers", "Extensions\DevTeam.Extensions.Helpers\DevTeam.Extensions.Helpers.csproj", "{DFEA1D4D-053F-4A00-A6E7-6C75DD46FE71}"
EndProject
Project("{2150E333-8FDC-42A3-9474-1A3956D46DE8}") = "UserContext", "UserContext", "{267C359A-9D1C-4A82-B673-B215BC86E814}"
EndProject
Project("{9A19103F-16F7-4668-BE54-9A1E7A4F7556}") = "DevTeam.UserContext.Abstractions", "UserContext\DevTeam.UserContext.Abstractions\DevTeam.UserContext.Abstractions.csproj", "{696F020B-8057-4871-B634-75F9B85C6889}"
EndProject
Project("{2150E333-8FDC-42A3-9474-1A3956D46DE8}") = "Session", "Session", "{79DE7C51-F0E6-47D0-B123-109A9B948A9E}"
EndProject
Project("{9A19103F-16F7-4668-BE54-9A1E7A4F7556}") = "DevTeam.Session.Abstractions", "Session\DevTeam.Session.Abstractions\DevTeam.Session.Abstractions.csproj", "{E78FA162-40B6-4640-845F-D613D4D08B0A}"
EndProject
Project("{9A19103F-16F7-4668-BE54-9A1E7A4F7556}") = "DevTeam.Session", "Session\DevTeam.Session\DevTeam.Session.csproj", "{C70EC2F3-2941-4239-9AC7-C96C2DAF6BD7}"
EndProject
Project("{9A19103F-16F7-4668-BE54-9A1E7A4F7556}") = "DevTeam.UserContext", "UserContext\DevTeam.UserContext\DevTeam.UserContext.csproj", "{0DBF77B5-7FDF-414E-A76B-15D5D771DD4A}"
EndProject
Project("{9A19103F-16F7-4668-BE54-9A1E7A4F7556}") = "DevTeam.UserContext.Tests", "UserContext\DevTeam.UserContext.Tests\DevTeam.UserContext.Tests.csproj", "{809DE092-35F1-4C8E-BE7F-1E8F7A7E5043}"
EndProject
Project("{9A19103F-16F7-4668-BE54-9A1E7A4F7556}") = "DevTeam.QueryMappings.Tests", "QueryMappings\DevTeam.QueryMappings.Tests\DevTeam.QueryMappings.Tests.csproj", "{1E03C8CE-0737-42C4-A953-B5A59935FC5E}"
EndProject
Project("{9A19103F-16F7-4668-BE54-9A1E7A4F7556}") = "DevTeam.Tools.Swapper", "Tools\DevTeam.Tools.Swapper\DevTeam.Tools.Swapper.csproj", "{1005E9A8-6D68-41CB-84B2-D19F3661B951}"
EndProject
Project("{9A19103F-16F7-4668-BE54-9A1E7A4F7556}") = "DevTeam.Extensions.EntityFrameworkCore.Relational", "Extensions\DevTeam.Extensions.EntityFrameworkCore.Relational\DevTeam.Extensions.EntityFrameworkCore.Relational.csproj", "{6FF209E4-05B2-49FB-8DCA-B0C95DA9376C}"
EndProject
Project("{FAE04EC0-301F-11D3-BF4B-00C04F79EFBC}") = "DevTeam.GenericService.Tests", "GenericService\DevTeam.GenericService.Tests\DevTeam.GenericService.Tests.csproj", "{0B9CE011-DA82-40FD-8196-840BAC655299}"
EndProject
Global
	GlobalSection(SolutionConfigurationPlatforms) = preSolution
		Debug|Any CPU = Debug|Any CPU
		Release|Any CPU = Release|Any CPU
	EndGlobalSection
	GlobalSection(ProjectConfigurationPlatforms) = postSolution
		{555C07B5-C71C-4F15-9938-EF449D3DE054}.Debug|Any CPU.ActiveCfg = Debug|Any CPU
		{555C07B5-C71C-4F15-9938-EF449D3DE054}.Debug|Any CPU.Build.0 = Debug|Any CPU
		{555C07B5-C71C-4F15-9938-EF449D3DE054}.Release|Any CPU.ActiveCfg = Release|Any CPU
		{555C07B5-C71C-4F15-9938-EF449D3DE054}.Release|Any CPU.Build.0 = Release|Any CPU
		{106AAD49-8C68-4845-A88D-984B60E1C9A0}.Debug|Any CPU.ActiveCfg = Debug|Any CPU
		{106AAD49-8C68-4845-A88D-984B60E1C9A0}.Debug|Any CPU.Build.0 = Debug|Any CPU
		{106AAD49-8C68-4845-A88D-984B60E1C9A0}.Release|Any CPU.ActiveCfg = Release|Any CPU
		{106AAD49-8C68-4845-A88D-984B60E1C9A0}.Release|Any CPU.Build.0 = Release|Any CPU
		{53D49251-7E1A-4779-A52B-A3E927F518F5}.Debug|Any CPU.ActiveCfg = Debug|Any CPU
		{53D49251-7E1A-4779-A52B-A3E927F518F5}.Debug|Any CPU.Build.0 = Debug|Any CPU
		{53D49251-7E1A-4779-A52B-A3E927F518F5}.Release|Any CPU.ActiveCfg = Release|Any CPU
		{53D49251-7E1A-4779-A52B-A3E927F518F5}.Release|Any CPU.Build.0 = Release|Any CPU
		{F6639586-7C47-43A3-98D6-49985988C361}.Debug|Any CPU.ActiveCfg = Debug|Any CPU
		{F6639586-7C47-43A3-98D6-49985988C361}.Debug|Any CPU.Build.0 = Debug|Any CPU
		{F6639586-7C47-43A3-98D6-49985988C361}.Release|Any CPU.ActiveCfg = Release|Any CPU
		{F6639586-7C47-43A3-98D6-49985988C361}.Release|Any CPU.Build.0 = Release|Any CPU
		{D312F6DB-62B1-42BB-B76C-22CC97852A4D}.Debug|Any CPU.ActiveCfg = Debug|Any CPU
		{D312F6DB-62B1-42BB-B76C-22CC97852A4D}.Debug|Any CPU.Build.0 = Debug|Any CPU
		{D312F6DB-62B1-42BB-B76C-22CC97852A4D}.Release|Any CPU.ActiveCfg = Release|Any CPU
		{D312F6DB-62B1-42BB-B76C-22CC97852A4D}.Release|Any CPU.Build.0 = Release|Any CPU
		{7FCDE827-6ACB-4492-ABCD-AB8B0CFF7872}.Debug|Any CPU.ActiveCfg = Debug|Any CPU
		{7FCDE827-6ACB-4492-ABCD-AB8B0CFF7872}.Debug|Any CPU.Build.0 = Debug|Any CPU
		{7FCDE827-6ACB-4492-ABCD-AB8B0CFF7872}.Release|Any CPU.ActiveCfg = Release|Any CPU
		{7FCDE827-6ACB-4492-ABCD-AB8B0CFF7872}.Release|Any CPU.Build.0 = Release|Any CPU
		{A0372BBC-6734-4DED-ACA1-A720BF46E227}.Debug|Any CPU.ActiveCfg = Debug|Any CPU
		{A0372BBC-6734-4DED-ACA1-A720BF46E227}.Debug|Any CPU.Build.0 = Debug|Any CPU
		{A0372BBC-6734-4DED-ACA1-A720BF46E227}.Release|Any CPU.ActiveCfg = Release|Any CPU
		{A0372BBC-6734-4DED-ACA1-A720BF46E227}.Release|Any CPU.Build.0 = Release|Any CPU
		{63EC55AB-6E46-4C27-A2ED-D1CC1C9D9AA0}.Debug|Any CPU.ActiveCfg = Debug|Any CPU
		{63EC55AB-6E46-4C27-A2ED-D1CC1C9D9AA0}.Debug|Any CPU.Build.0 = Debug|Any CPU
		{63EC55AB-6E46-4C27-A2ED-D1CC1C9D9AA0}.Release|Any CPU.ActiveCfg = Release|Any CPU
		{63EC55AB-6E46-4C27-A2ED-D1CC1C9D9AA0}.Release|Any CPU.Build.0 = Release|Any CPU
		{64290E2B-33A4-4BD8-B68F-6B3A7D6422E6}.Debug|Any CPU.ActiveCfg = Debug|Any CPU
		{64290E2B-33A4-4BD8-B68F-6B3A7D6422E6}.Debug|Any CPU.Build.0 = Debug|Any CPU
		{64290E2B-33A4-4BD8-B68F-6B3A7D6422E6}.Release|Any CPU.ActiveCfg = Release|Any CPU
		{64290E2B-33A4-4BD8-B68F-6B3A7D6422E6}.Release|Any CPU.Build.0 = Release|Any CPU
		{DFEA1D4D-053F-4A00-A6E7-6C75DD46FE71}.Debug|Any CPU.ActiveCfg = Debug|Any CPU
		{DFEA1D4D-053F-4A00-A6E7-6C75DD46FE71}.Debug|Any CPU.Build.0 = Debug|Any CPU
		{DFEA1D4D-053F-4A00-A6E7-6C75DD46FE71}.Release|Any CPU.ActiveCfg = Release|Any CPU
		{DFEA1D4D-053F-4A00-A6E7-6C75DD46FE71}.Release|Any CPU.Build.0 = Release|Any CPU
		{696F020B-8057-4871-B634-75F9B85C6889}.Debug|Any CPU.ActiveCfg = Debug|Any CPU
		{696F020B-8057-4871-B634-75F9B85C6889}.Debug|Any CPU.Build.0 = Debug|Any CPU
		{696F020B-8057-4871-B634-75F9B85C6889}.Release|Any CPU.ActiveCfg = Release|Any CPU
		{696F020B-8057-4871-B634-75F9B85C6889}.Release|Any CPU.Build.0 = Release|Any CPU
		{E78FA162-40B6-4640-845F-D613D4D08B0A}.Debug|Any CPU.ActiveCfg = Debug|Any CPU
		{E78FA162-40B6-4640-845F-D613D4D08B0A}.Debug|Any CPU.Build.0 = Debug|Any CPU
		{E78FA162-40B6-4640-845F-D613D4D08B0A}.Release|Any CPU.ActiveCfg = Release|Any CPU
		{E78FA162-40B6-4640-845F-D613D4D08B0A}.Release|Any CPU.Build.0 = Release|Any CPU
		{C70EC2F3-2941-4239-9AC7-C96C2DAF6BD7}.Debug|Any CPU.ActiveCfg = Debug|Any CPU
		{C70EC2F3-2941-4239-9AC7-C96C2DAF6BD7}.Debug|Any CPU.Build.0 = Debug|Any CPU
		{C70EC2F3-2941-4239-9AC7-C96C2DAF6BD7}.Release|Any CPU.ActiveCfg = Release|Any CPU
		{C70EC2F3-2941-4239-9AC7-C96C2DAF6BD7}.Release|Any CPU.Build.0 = Release|Any CPU
		{0DBF77B5-7FDF-414E-A76B-15D5D771DD4A}.Debug|Any CPU.ActiveCfg = Debug|Any CPU
		{0DBF77B5-7FDF-414E-A76B-15D5D771DD4A}.Debug|Any CPU.Build.0 = Debug|Any CPU
		{0DBF77B5-7FDF-414E-A76B-15D5D771DD4A}.Release|Any CPU.ActiveCfg = Release|Any CPU
		{0DBF77B5-7FDF-414E-A76B-15D5D771DD4A}.Release|Any CPU.Build.0 = Release|Any CPU
		{809DE092-35F1-4C8E-BE7F-1E8F7A7E5043}.Debug|Any CPU.ActiveCfg = Debug|Any CPU
		{809DE092-35F1-4C8E-BE7F-1E8F7A7E5043}.Debug|Any CPU.Build.0 = Debug|Any CPU
		{809DE092-35F1-4C8E-BE7F-1E8F7A7E5043}.Release|Any CPU.ActiveCfg = Release|Any CPU
		{809DE092-35F1-4C8E-BE7F-1E8F7A7E5043}.Release|Any CPU.Build.0 = Release|Any CPU
		{1E03C8CE-0737-42C4-A953-B5A59935FC5E}.Debug|Any CPU.ActiveCfg = Debug|Any CPU
		{1E03C8CE-0737-42C4-A953-B5A59935FC5E}.Debug|Any CPU.Build.0 = Debug|Any CPU
		{1E03C8CE-0737-42C4-A953-B5A59935FC5E}.Release|Any CPU.ActiveCfg = Release|Any CPU
		{1E03C8CE-0737-42C4-A953-B5A59935FC5E}.Release|Any CPU.Build.0 = Release|Any CPU
		{1005E9A8-6D68-41CB-84B2-D19F3661B951}.Debug|Any CPU.ActiveCfg = Debug|Any CPU
		{1005E9A8-6D68-41CB-84B2-D19F3661B951}.Debug|Any CPU.Build.0 = Debug|Any CPU
		{1005E9A8-6D68-41CB-84B2-D19F3661B951}.Release|Any CPU.ActiveCfg = Release|Any CPU
		{1005E9A8-6D68-41CB-84B2-D19F3661B951}.Release|Any CPU.Build.0 = Release|Any CPU
		{6FF209E4-05B2-49FB-8DCA-B0C95DA9376C}.Debug|Any CPU.ActiveCfg = Debug|Any CPU
		{6FF209E4-05B2-49FB-8DCA-B0C95DA9376C}.Debug|Any CPU.Build.0 = Debug|Any CPU
		{6FF209E4-05B2-49FB-8DCA-B0C95DA9376C}.Release|Any CPU.ActiveCfg = Release|Any CPU
		{6FF209E4-05B2-49FB-8DCA-B0C95DA9376C}.Release|Any CPU.Build.0 = Release|Any CPU
		{0B9CE011-DA82-40FD-8196-840BAC655299}.Debug|Any CPU.ActiveCfg = Debug|Any CPU
		{0B9CE011-DA82-40FD-8196-840BAC655299}.Debug|Any CPU.Build.0 = Debug|Any CPU
		{0B9CE011-DA82-40FD-8196-840BAC655299}.Release|Any CPU.ActiveCfg = Release|Any CPU
		{0B9CE011-DA82-40FD-8196-840BAC655299}.Release|Any CPU.Build.0 = Release|Any CPU
	EndGlobalSection
	GlobalSection(SolutionProperties) = preSolution
		HideSolutionNode = FALSE
	EndGlobalSection
	GlobalSection(NestedProjects) = preSolution
		{555C07B5-C71C-4F15-9938-EF449D3DE054} = {6819D78C-5CF8-409A-8E41-9B8A536FA2CF}
		{6819D78C-5CF8-409A-8E41-9B8A536FA2CF} = {B7B6DD54-E372-4C5C-99CC-9D7E5B98A134}
		{106AAD49-8C68-4845-A88D-984B60E1C9A0} = {6819D78C-5CF8-409A-8E41-9B8A536FA2CF}
		{482FDCF0-3B67-495F-96B1-D39AD7C241C0} = {B7B6DD54-E372-4C5C-99CC-9D7E5B98A134}
		{53D49251-7E1A-4779-A52B-A3E927F518F5} = {482FDCF0-3B67-495F-96B1-D39AD7C241C0}
		{C39F5618-AC34-412C-87AD-FBAB1054AA72} = {B7B6DD54-E372-4C5C-99CC-9D7E5B98A134}
		{F6639586-7C47-43A3-98D6-49985988C361} = {C39F5618-AC34-412C-87AD-FBAB1054AA72}
		{D312F6DB-62B1-42BB-B76C-22CC97852A4D} = {482FDCF0-3B67-495F-96B1-D39AD7C241C0}
		{7FCDE827-6ACB-4492-ABCD-AB8B0CFF7872} = {482FDCF0-3B67-495F-96B1-D39AD7C241C0}
		{A1854A65-11B2-4084-8285-760615541AB6} = {B7B6DD54-E372-4C5C-99CC-9D7E5B98A134}
		{A0372BBC-6734-4DED-ACA1-A720BF46E227} = {A1854A65-11B2-4084-8285-760615541AB6}
		{63EC55AB-6E46-4C27-A2ED-D1CC1C9D9AA0} = {A1854A65-11B2-4084-8285-760615541AB6}
		{64290E2B-33A4-4BD8-B68F-6B3A7D6422E6} = {C39F5618-AC34-412C-87AD-FBAB1054AA72}
		{955553D5-44E5-4AC0-9E61-120C997BDFD2} = {B7B6DD54-E372-4C5C-99CC-9D7E5B98A134}
		{DFEA1D4D-053F-4A00-A6E7-6C75DD46FE71} = {6819D78C-5CF8-409A-8E41-9B8A536FA2CF}
		{267C359A-9D1C-4A82-B673-B215BC86E814} = {B7B6DD54-E372-4C5C-99CC-9D7E5B98A134}
		{696F020B-8057-4871-B634-75F9B85C6889} = {267C359A-9D1C-4A82-B673-B215BC86E814}
		{79DE7C51-F0E6-47D0-B123-109A9B948A9E} = {B7B6DD54-E372-4C5C-99CC-9D7E5B98A134}
		{E78FA162-40B6-4640-845F-D613D4D08B0A} = {79DE7C51-F0E6-47D0-B123-109A9B948A9E}
		{C70EC2F3-2941-4239-9AC7-C96C2DAF6BD7} = {79DE7C51-F0E6-47D0-B123-109A9B948A9E}
		{0DBF77B5-7FDF-414E-A76B-15D5D771DD4A} = {267C359A-9D1C-4A82-B673-B215BC86E814}
		{809DE092-35F1-4C8E-BE7F-1E8F7A7E5043} = {267C359A-9D1C-4A82-B673-B215BC86E814}
		{1E03C8CE-0737-42C4-A953-B5A59935FC5E} = {A1854A65-11B2-4084-8285-760615541AB6}
		{1005E9A8-6D68-41CB-84B2-D19F3661B951} = {955553D5-44E5-4AC0-9E61-120C997BDFD2}
		{6FF209E4-05B2-49FB-8DCA-B0C95DA9376C} = {6819D78C-5CF8-409A-8E41-9B8A536FA2CF}
		{0B9CE011-DA82-40FD-8196-840BAC655299} = {C39F5618-AC34-412C-87AD-FBAB1054AA72}
	EndGlobalSection
	GlobalSection(ExtensibilityGlobals) = postSolution
		SolutionGuid = {1F19D04F-3F8B-40F4-8DC4-45109C803076}
	EndGlobalSection
EndGlobal
